Microsoft Visual Studio Solution File, Format Version 12.00
# Visual Studio Version 17
VisualStudioVersion = 17.2.32630.192
MinimumVisualStudioVersion = 10.0.40219.1
Project("{2150E333-8FDC-42A3-9474-1A3956D46DE8}") = "Solution Items", "Solution Items", "{EF518D6D-FA52-4B12-AF47-0C46C0BC434D}"
	ProjectSection(SolutionItems) = preProject
		.editorconfig = .editorconfig
		CodeCoverage.runsettings = CodeCoverage.runsettings
		src\CommonAssemblyInfo.cs = src\CommonAssemblyInfo.cs
		src\Dockerfile-TriggerService = src\Dockerfile-TriggerService
	EndProjectSection
EndProject
Project("{9A19103F-16F7-4668-BE54-9A1E7A4F7556}") = "CromwellApiClient", "src\CromwellApiClient\CromwellApiClient.csproj", "{98D92D1C-7D23-4517-A5FB-D7948544F15F}"
EndProject
Project("{9A19103F-16F7-4668-BE54-9A1E7A4F7556}") = "deploy-cromwell-on-azure", "src\deploy-cromwell-on-azure\deploy-cromwell-on-azure.csproj", "{8FC0A234-BDB2-44A3-B4DC-8A0D73AAD84C}"
EndProject
Project("{9A19103F-16F7-4668-BE54-9A1E7A4F7556}") = "deploy-cromwell-on-azure.Tests", "src\deploy-cromwell-on-azure.Tests\deploy-cromwell-on-azure.Tests.csproj", "{6D39219A-8391-40C6-B755-AAB9D42B6DED}"
EndProject
Project("{9A19103F-16F7-4668-BE54-9A1E7A4F7556}") = "TriggerService", "src\TriggerService\TriggerService.csproj", "{BB61BF85-0DE4-469B-85D4-3744E1B03F89}"
EndProject
Project("{9A19103F-16F7-4668-BE54-9A1E7A4F7556}") = "TriggerService.Tests", "src\TriggerService.Tests\TriggerService.Tests.csproj", "{6AE9D93D-FBFA-4B94-8046-CDF10886F15B}"
EndProject
Project("{9A19103F-16F7-4668-BE54-9A1E7A4F7556}") = "Common", "src\Common\Common.csproj", "{1D5F3C4A-5A69-4A86-BF80-D075DBDD0307}"
EndProject
Project("{9A19103F-16F7-4668-BE54-9A1E7A4F7556}") = "Common.Tests", "src\Common.Tests\Common.Tests.csproj", "{1DCBB10C-1667-4B38-9FA8-E42F6AED87CA}"
EndProject
Project("{9A19103F-16F7-4668-BE54-9A1E7A4F7556}") = "Tes", "src\ga4gh-tes\src\Tes\Tes.csproj", "{FED94A67-D3B6-473A-8C3B-1D6C9687B43E}"
EndProject
Project("{9A19103F-16F7-4668-BE54-9A1E7A4F7556}") = "CommonUtilities", "src\ga4gh-tes\src\CommonUtilities\CommonUtilities.csproj", "{9EF2FEB3-2E38-4A60-8C71-481501B6DA56}"
EndProject
Global
	GlobalSection(SolutionConfigurationPlatforms) = preSolution
		Debug|Any CPU = Debug|Any CPU
		Release|Any CPU = Release|Any CPU
	EndGlobalSection
	GlobalSection(ProjectConfigurationPlatforms) = postSolution
		{98D92D1C-7D23-4517-A5FB-D7948544F15F}.Debug|Any CPU.ActiveCfg = Debug|Any CPU
		{98D92D1C-7D23-4517-A5FB-D7948544F15F}.Debug|Any CPU.Build.0 = Debug|Any CPU
		{98D92D1C-7D23-4517-A5FB-D7948544F15F}.Release|Any CPU.ActiveCfg = Release|Any CPU
		{98D92D1C-7D23-4517-A5FB-D7948544F15F}.Release|Any CPU.Build.0 = Release|Any CPU
		{8FC0A234-BDB2-44A3-B4DC-8A0D73AAD84C}.Debug|Any CPU.ActiveCfg = Debug|Any CPU
		{8FC0A234-BDB2-44A3-B4DC-8A0D73AAD84C}.Debug|Any CPU.Build.0 = Debug|Any CPU
		{8FC0A234-BDB2-44A3-B4DC-8A0D73AAD84C}.Release|Any CPU.ActiveCfg = Release|Any CPU
		{8FC0A234-BDB2-44A3-B4DC-8A0D73AAD84C}.Release|Any CPU.Build.0 = Release|Any CPU
		{6D39219A-8391-40C6-B755-AAB9D42B6DED}.Debug|Any CPU.ActiveCfg = Debug|Any CPU
		{6D39219A-8391-40C6-B755-AAB9D42B6DED}.Debug|Any CPU.Build.0 = Debug|Any CPU
		{6D39219A-8391-40C6-B755-AAB9D42B6DED}.Release|Any CPU.ActiveCfg = Release|Any CPU
		{6D39219A-8391-40C6-B755-AAB9D42B6DED}.Release|Any CPU.Build.0 = Release|Any CPU
		{BB61BF85-0DE4-469B-85D4-3744E1B03F89}.Debug|Any CPU.ActiveCfg = Debug|Any CPU
		{BB61BF85-0DE4-469B-85D4-3744E1B03F89}.Debug|Any CPU.Build.0 = Debug|Any CPU
		{BB61BF85-0DE4-469B-85D4-3744E1B03F89}.Release|Any CPU.ActiveCfg = Release|Any CPU
		{BB61BF85-0DE4-469B-85D4-3744E1B03F89}.Release|Any CPU.Build.0 = Release|Any CPU
		{6AE9D93D-FBFA-4B94-8046-CDF10886F15B}.Debug|Any CPU.ActiveCfg = Debug|Any CPU
		{6AE9D93D-FBFA-4B94-8046-CDF10886F15B}.Debug|Any CPU.Build.0 = Debug|Any CPU
		{6AE9D93D-FBFA-4B94-8046-CDF10886F15B}.Release|Any CPU.ActiveCfg = Release|Any CPU
		{6AE9D93D-FBFA-4B94-8046-CDF10886F15B}.Release|Any CPU.Build.0 = Release|Any CPU
		{1D5F3C4A-5A69-4A86-BF80-D075DBDD0307}.Debug|Any CPU.ActiveCfg = Debug|Any CPU
		{1D5F3C4A-5A69-4A86-BF80-D075DBDD0307}.Debug|Any CPU.Build.0 = Debug|Any CPU
		{1D5F3C4A-5A69-4A86-BF80-D075DBDD0307}.Release|Any CPU.ActiveCfg = Release|Any CPU
		{1D5F3C4A-5A69-4A86-BF80-D075DBDD0307}.Release|Any CPU.Build.0 = Release|Any CPU
		{1DCBB10C-1667-4B38-9FA8-E42F6AED87CA}.Debug|Any CPU.ActiveCfg = Debug|Any CPU
		{1DCBB10C-1667-4B38-9FA8-E42F6AED87CA}.Debug|Any CPU.Build.0 = Debug|Any CPU
		{1DCBB10C-1667-4B38-9FA8-E42F6AED87CA}.Release|Any CPU.ActiveCfg = Release|Any CPU
		{1DCBB10C-1667-4B38-9FA8-E42F6AED87CA}.Release|Any CPU.Build.0 = Release|Any CPU
		{FED94A67-D3B6-473A-8C3B-1D6C9687B43E}.Debug|Any CPU.ActiveCfg = Debug|Any CPU
		{FED94A67-D3B6-473A-8C3B-1D6C9687B43E}.Debug|Any CPU.Build.0 = Debug|Any CPU
		{FED94A67-D3B6-473A-8C3B-1D6C9687B43E}.Release|Any CPU.ActiveCfg = Release|Any CPU
		{FED94A67-D3B6-473A-8C3B-1D6C9687B43E}.Release|Any CPU.Build.0 = Release|Any CPU
		{9EF2FEB3-2E38-4A60-8C71-481501B6DA56}.Debug|Any CPU.ActiveCfg = Debug|Any CPU
		{9EF2FEB3-2E38-4A60-8C71-481501B6DA56}.Debug|Any CPU.Build.0 = Debug|Any CPU
		{9EF2FEB3-2E38-4A60-8C71-481501B6DA56}.Release|Any CPU.ActiveCfg = Release|Any CPU
		{9EF2FEB3-2E38-4A60-8C71-481501B6DA56}.Release|Any CPU.Build.0 = Release|Any CPU
	EndGlobalSection
	GlobalSection(SolutionProperties) = preSolution
		HideSolutionNode = FALSE
	EndGlobalSection
	GlobalSection(ExtensibilityGlobals) = postSolution
		SolutionGuid = {67AD4797-6B55-4CF7-A9BB-A83921479EA7}
	EndGlobalSection
EndGlobal
